# THIS IS AN AUTOGENERATED FILE. DO NOT EDIT THIS FILE DIRECTLY.
# yarn lockfile v1


playwright-core@1.31.1:
  version "1.31.1"
  resolved "https://registry.yarnpkg.com/playwright-core/-/playwright-core-1.31.1.tgz#4deeebbb8fb73b512593fe24bea206d8fd85ff7f"
  integrity sha512-JTyX4kV3/LXsvpHkLzL2I36aCdml4zeE35x+G5aPc4bkLsiRiQshU5lWeVpHFAuC8xAcbI6FDcw/8z3q2xtJSQ==

playwright@^1.31.1:
  version "1.31.1"
  resolved "https://registry.yarnpkg.com/playwright/-/playwright-1.31.1.tgz#66164cdc1506bc883c7a98b44714dfea50b22d50"
  integrity sha512-zKJabsIA2rvOwJ12lGTqWv4HVJzlfw2JtUvO4hAr7J8UXQZ1qEPpX20E1vcz/9fotnTkwgqp3CVdIBwptBN3Fg==
  dependencies:
    playwright-core "1.31.1"
