# THIS IS AN AUTOGENERATED FILE. DO NOT EDIT THIS FILE DIRECTLY.
# yarn lockfile v1


playwright-core@1.35.0:
  version "1.35.0"
  resolved "https://registry.yarnpkg.com/playwright-core/-/playwright-core-1.35.0.tgz#b7871b742b4a5c8714b7fa2f570c280a061cb414"
  integrity sha512-muMXyPmIx/2DPrCHOD1H1ePT01o7OdKxKj2ebmCAYvqhUy+Y1bpal7B0rdoxros7YrXI294JT/DWw2LqyiqTPA==

playwright@^1.35.0:
  version "1.35.0"
  resolved "https://registry.yarnpkg.com/playwright/-/playwright-1.35.0.tgz#4e3b3ea2495d6fd671700f77b2f97b3adedf80f1"
  integrity sha512-xhFhsoBmKPQfj3dM+HbIiFVlqRCZp2rwdJd/QFd9YBuidabo3TkVv0iuxPQ4vZoMwtSI7qzjY93f5ohdC97hww==
  dependencies:
    playwright-core "1.35.0"
