# THIS IS AN AUTOGENERATED FILE. DO NOT EDIT THIS FILE DIRECTLY.
# yarn lockfile v1


playwright-core@1.34.0:
  version "1.34.0"
  resolved "https://registry.yarnpkg.com/playwright-core/-/playwright-core-1.34.0.tgz#6a8f05c657400677591ed82b6749ef7e120a152d"
  integrity sha512-fMUY1+iR6kYbJF/EsOOqzBA99ZHXbw9sYPNjwA4X/oV0hVF/1aGlWYBGPVUEqxBkGANDKMziYoOdKGU5DIP5Gg==

playwright@^1.34.0:
  version "1.34.0"
  resolved "https://registry.yarnpkg.com/playwright/-/playwright-1.34.0.tgz#c9e9b080e75f1f2679a61bc93aee76d8a8556589"
  integrity sha512-fh+Q7fw7fPg2jSjDUNgo46PbKNTKQCYbeYXXbMm1hTbhPc0V62WM6h/pqWLTW0tqjfu8TCLdx7tECd/2AbYaHg==
  dependencies:
    playwright-core "1.34.0"
